{
  "version": 4,
  "terraform_version": "1.6.6",
  "serial": 3,
  "lineage": "3cc9b326-3d97-fd96-db6d-2934881e5ae6",
  "outputs": {},
  "resources": [
    {
      "mode": "managed",
      "type": "aws_dynamodb_table",
      "name": "cars",
      "provider": "provider[\"registry.terraform.io/hashicorp/aws\"]",
      "instances": [
        {
          "schema_version": 1,
          "attributes": {
            "arn": "arn:aws:dynamodb:eu-west-1:654654299105:table/cars",
            "attribute": [
              {
                "name": "VIN",
                "type": "S"
              }
            ],
            "billing_mode": "PAY_PER_REQUEST",
            "deletion_protection_enabled": false,
            "global_secondary_index": [],
            "hash_key": "VIN",
            "id": "cars",
            "import_table": [],
            "local_secondary_index": [],
            "name": "cars",
            "point_in_time_recovery": [
              {
                "enabled": false
              }
            ],
            "range_key": null,
            "read_capacity": 0,
            "replica": [],
            "restore_date_time": null,
            "restore_source_name": null,
            "restore_to_latest_time": null,
            "server_side_encryption": [],
            "stream_arn": "",
            "stream_enabled": false,
            "stream_label": "",
            "stream_view_type": "",
            "table_class": "STANDARD",
            "tags": null,
            "tags_all": {},
            "timeouts": null,
            "ttl": [
              {
                "attribute_name": "",
                "enabled": false
              }
            ],
            "write_capacity": 0
          },
          "sensitive_attributes": [],
          "private": "eyJlMmJmYjczMC1lY2FhLTExZTYtOGY4OC0zNDM2M2JjN2M0YzAiOnsiY3JlYXRlIjoxODAwMDAwMDAwMDAwLCJkZWxldGUiOjYwMDAwMDAwMDAwMCwidXBkYXRlIjozNjAwMDAwMDAwMDAwfSwic2NoZW1hX3ZlcnNpb24iOiIxIn0="
        }
      ]
    },
    {
      "mode": "managed",
      "type": "aws_dynamodb_table_item",
      "name": "car-items",
      "provider": "provider[\"registry.terraform.io/hashicorp/aws\"]",
      "instances": [
        {
          "schema_version": 0,
          "attributes": {
            "hash_key": "VIN",
            "id": "cars|VIN||4Y1SL65848Z411439|",
            "item": "\t{\r\n\t\t\"Manufacturer\" : {\"S\": \"Toyota\"},\r\n\t\t\"Make\": {\"S\": \"Corolla\"},\r\n\t\t\"Year\": {\"N\": \"2004\"},\r\n\t\t\"VIN\" : {\"S\": \"4Y1SL65848Z411439\"}\r\n\t}\r\n",
            "range_key": null,
            "table_name": "cars"
          },
          "sensitive_attributes": [],
          "private": "bnVsbA==",
          "dependencies": [
            "aws_dynamodb_table.cars"
          ]
        }
      ]
    }
  ],
  "check_results": null
}
