{
  "version": 4,
  "terraform_version": "1.6.6",
  "serial": 1,
  "lineage": "a5d54671-76f6-b857-a292-bfa03778b930",
  "outputs": {},
  "resources": [
    {
      "mode": "managed",
      "type": "aws_iam_user",
      "name": "user",
      "provider": "provider[\"registry.terraform.io/hashicorp/aws\"]",
      "instances": [
        {
          "schema_version": 0,
          "attributes": {
            "arn": "arn:aws:iam::654654299105:user/cla",
            "force_destroy": false,
            "id": "cla",
            "name": "cla",
            "path": "/",
            "permissions_boundary": "",
            "tags": {
              "Description": "Technical Team Leader"
            },
            "tags_all": {
              "Description": "Technical Team Leader"
            },
            "unique_id": "AIDAZQ3DP3PQXFIHLJ7DY"
          },
          "sensitive_attributes": [],
          "private": "bnVsbA=="
        }
      ]
    }
  ],
  "check_results": null
}
