{
  "version": 4,
  "terraform_version": "1.6.6",
  "serial": 6,
  "lineage": "b0fda69e-60f8-2d7a-34aa-3ca30066f8f8",
  "outputs": {
    "publicip": {
      "value": "3.255.123.113",
      "type": "string"
    }
  },
  "resources": [
    {
      "mode": "managed",
      "type": "aws_instance",
      "name": "webserver",
      "provider": "provider[\"registry.terraform.io/hashicorp/aws\"]",
      "instances": [
        {
          "schema_version": 1,
          "attributes": {
            "ami": "ami-0776c814353b4814d",
            "arn": "arn:aws:ec2:eu-west-1:654654299105:instance/i-04660ee7cb082c83d",
            "associate_public_ip_address": true,
            "availability_zone": "eu-west-1a",
            "capacity_reservation_specification": [
              {
                "capacity_reservation_preference": "open",
                "capacity_reservation_target": []
              }
            ],
            "cpu_core_count": 1,
            "cpu_options": [
              {
                "amd_sev_snp": "",
                "core_count": 1,
                "threads_per_core": 1
              }
            ],
            "cpu_threads_per_core": 1,
            "credit_specification": [
              {
                "cpu_credits": "standard"
              }
            ],
            "disable_api_stop": false,
            "disable_api_termination": false,
            "ebs_block_device": [],
            "ebs_optimized": false,
            "enclave_options": [
              {
                "enabled": false
              }
            ],
            "ephemeral_block_device": [],
            "get_password_data": false,
            "hibernation": false,
            "host_id": "",
            "host_resource_group_arn": null,
            "iam_instance_profile": "",
            "id": "i-04660ee7cb082c83d",
            "instance_initiated_shutdown_behavior": "stop",
            "instance_lifecycle": "",
            "instance_market_options": [],
            "instance_state": "running",
            "instance_type": "t2.micro",
            "ipv6_address_count": 0,
            "ipv6_addresses": [],
            "key_name": "terraform-20240502224754503300000001",
            "launch_template": [],
            "maintenance_options": [
              {
                "auto_recovery": "default"
              }
            ],
            "metadata_options": [
              {
                "http_endpoint": "enabled",
                "http_protocol_ipv6": "disabled",
                "http_put_response_hop_limit": 2,
                "http_tokens": "required",
                "instance_metadata_tags": "disabled"
              }
            ],
            "monitoring": false,
            "network_interface": [],
            "outpost_arn": "",
            "password_data": "",
            "placement_group": "",
            "placement_partition_number": 0,
            "primary_network_interface_id": "eni-0515945eb0ea02c1e",
            "private_dns": "ip-172-31-13-245.eu-west-1.compute.internal",
            "private_dns_name_options": [
              {
                "enable_resource_name_dns_a_record": false,
                "enable_resource_name_dns_aaaa_record": false,
                "hostname_type": "ip-name"
              }
            ],
            "private_ip": "172.31.13.245",
            "public_dns": "ec2-3-255-123-113.eu-west-1.compute.amazonaws.com",
            "public_ip": "3.255.123.113",
            "root_block_device": [
              {
                "delete_on_termination": true,
                "device_name": "/dev/sda1",
                "encrypted": false,
                "iops": 3000,
                "kms_key_id": "",
                "tags": {},
                "tags_all": {},
                "throughput": 125,
                "volume_id": "vol-07d3d30aa5982e516",
                "volume_size": 8,
                "volume_type": "gp3"
              }
            ],
            "secondary_private_ips": [],
            "security_groups": [
              "ssh-access"
            ],
            "source_dest_check": true,
            "spot_instance_request_id": "",
            "subnet_id": "subnet-019259527a6f40222",
            "tags": {
              "Description": "An Ngnix WebServer on Ubuntu",
              "Name": "webserver"
            },
            "tags_all": {
              "Description": "An Ngnix WebServer on Ubuntu",
              "Name": "webserver"
            },
            "tenancy": "default",
            "timeouts": null,
            "user_data": "667c8eb4acd98f75357560149c80fa3c2b06dcfb",
            "user_data_base64": null,
            "user_data_replace_on_change": false,
            "volume_tags": null,
            "vpc_security_group_ids": [
              "sg-09c5f6798d2f27acb"
            ]
          },
          "sensitive_attributes": [],
          "private": "eyJlMmJmYjczMC1lY2FhLTExZTYtOGY4OC0zNDM2M2JjN2M0YzAiOnsiY3JlYXRlIjo2MDAwMDAwMDAwMDAsImRlbGV0ZSI6MTIwMDAwMDAwMDAwMCwicmVhZCI6OTAwMDAwMDAwMDAwLCJ1cGRhdGUiOjYwMDAwMDAwMDAwMH0sInNjaGVtYV92ZXJzaW9uIjoiMSJ9",
          "dependencies": [
            "aws_key_pair.web",
            "aws_security_group.ssh-access"
          ]
        }
      ]
    },
    {
      "mode": "managed",
      "type": "aws_key_pair",
      "name": "web",
      "provider": "provider[\"registry.terraform.io/hashicorp/aws\"]",
      "instances": [
        {
          "schema_version": 1,
          "attributes": {
            "arn": "arn:aws:ec2:eu-west-1:654654299105:key-pair/terraform-20240502224754503300000001",
            "fingerprint": "a9:97:14:e4:0b:b9:13:a3:87:bc:11:40:17:35:49:c0",
            "id": "terraform-20240502224754503300000001",
            "key_name": "terraform-20240502224754503300000001",
            "key_name_prefix": "terraform-",
            "key_pair_id": "key-022268904f0920d0f",
            "key_type": "rsa",
            "public_key": "ssh-rsa AAAAB3NzaC1yc2EAAAADAQABAAACAQC1U8ncQQ6MDI9OO3iG0OGDbf+a2uFj5YPGYvxRRTuiTyXZnmCXDf0Jd5PFd/UAArnpy5mBxqRTbaxpUSkoF0QKAqCeJxrHZTrYtl1BaLCxc0ZjdmFcdrbzjg29qJo0Xd9cA/HnkE7yu9a42HWi0j3NZCmkKRj/6Tovd1lHi/x32tmBSf39j9zjE4ctYQfVmKLbIUq2MY+GThzxES/qbRTE9cqu/WFiPVlaBEO/0Ac6bOY7whWyR5DdrBFH3aVzHMaKDq3ZjEVuzplAB3qtVZkU3VYvIzOPnkzMWng1M9aypnjpFIOrJ7mAHhGj5+VQ+wEqjpweZjhyMmkz9NE4COpWEMFwWrUXkkUaX+kWX6TgVtUom2tQLZ+FLFPdQb+zfNm/rV18U8b/S1UEbxv7ki57Oir0HSW0Gt1CCaXV1hrH77Igf1fA+u/E/knHZ1u1J9zDFueY6vNMBzWZKR1ctJT82JUp9BvYdiCZFliP17zW4HqdDzu7RLNauVjVHuqTxCjO0o+lETdTS4ekBXOB/u8Q83OjDbrFPOs9i3nhHZRJIGsbVS8cx740lXv0Ui3JVDOc73PpQF9dOPTA5AOzCFXyfa9G9dihUyhagb/bw2g7/OYF3eeKwOAHDOZilheydMmWzwve3+eQtRD891qjxcb043edWnETNtyrJfoKYvkHjQ== aborraccino@LAPTOP-ND6MIVIU",
            "tags": null,
            "tags_all": {}
          },
          "sensitive_attributes": [],
          "private": "eyJzY2hlbWFfdmVyc2lvbiI6IjEifQ=="
        }
      ]
    },
    {
      "mode": "managed",
      "type": "aws_security_group",
      "name": "ssh-access",
      "provider": "provider[\"registry.terraform.io/hashicorp/aws\"]",
      "instances": [
        {
          "schema_version": 1,
          "attributes": {
            "arn": "arn:aws:ec2:eu-west-1:654654299105:security-group/sg-09c5f6798d2f27acb",
            "description": "Allow SSH access from the internet",
            "egress": [],
            "id": "sg-09c5f6798d2f27acb",
            "ingress": [
              {
                "cidr_blocks": [
                  "0.0.0.0/0"
                ],
                "description": "",
                "from_port": 22,
                "ipv6_cidr_blocks": [],
                "prefix_list_ids": [],
                "protocol": "tcp",
                "security_groups": [],
                "self": false,
                "to_port": 22
              }
            ],
            "name": "ssh-access",
            "name_prefix": "",
            "owner_id": "654654299105",
            "revoke_rules_on_delete": false,
            "tags": null,
            "tags_all": {},
            "timeouts": null,
            "vpc_id": "vpc-0f35b47c834238a5c"
          },
          "sensitive_attributes": [],
          "private": "eyJlMmJmYjczMC1lY2FhLTExZTYtOGY4OC0zNDM2M2JjN2M0YzAiOnsiY3JlYXRlIjo2MDAwMDAwMDAwMDAsImRlbGV0ZSI6OTAwMDAwMDAwMDAwfSwic2NoZW1hX3ZlcnNpb24iOiIxIn0="
        }
      ]
    }
  ],
  "check_results": null
}
