{
  "version": 4,
  "terraform_version": "1.6.6",
  "serial": 4,
  "lineage": "0a18b862-2e3d-375a-251b-030397ed427a",
  "outputs": {},
  "resources": [
    {
      "mode": "managed",
      "type": "local_file",
      "name": "pet",
      "provider": "provider[\"registry.terraform.io/hashicorp/local\"]",
      "instances": [
        {
          "index_key": 0,
          "schema_version": 0,
          "attributes": {
            "content": "Hello pet!",
            "content_base64": null,
            "content_base64sha256": "kkzjwGTXonTjaYahbtC/3qK+HDCCGDd4OTQ5D7Lu+g4=",
            "content_base64sha512": "/78LIGdSMQ1MBZKXN8GyJ6EwLGkVbHds/CzKuNPxRvSXLCqgkqPZlN5/XBz2iTO9+qVhd6D62t6SsMy9OajCDw==",
            "content_md5": "69ab5ab9b9135b42c6bc92cdd0c1e4b8",
            "content_sha1": "bd7f32906c97112fa869b89562fe29eca21b3559",
            "content_sha256": "924ce3c064d7a274e36986a16ed0bfdea2be1c30821837783934390fb2eefa0e",
            "content_sha512": "ffbf0b206752310d4c05929737c1b227a1302c69156c776cfc2ccab8d3f146f4972c2aa092a3d994de7f5c1cf68933bdfaa56177a0fadade92b0ccbd39a8c20f",
            "directory_permission": "0777",
            "file_permission": "0777",
            "filename": "pets.txt",
            "id": "bd7f32906c97112fa869b89562fe29eca21b3559",
            "sensitive_content": null,
            "source": null
          },
          "sensitive_attributes": []
        },
        {
          "index_key": 1,
          "schema_version": 0,
          "attributes": {
            "content": "Hello pet!",
            "content_base64": null,
            "content_base64sha256": "kkzjwGTXonTjaYahbtC/3qK+HDCCGDd4OTQ5D7Lu+g4=",
            "content_base64sha512": "/78LIGdSMQ1MBZKXN8GyJ6EwLGkVbHds/CzKuNPxRvSXLCqgkqPZlN5/XBz2iTO9+qVhd6D62t6SsMy9OajCDw==",
            "content_md5": "69ab5ab9b9135b42c6bc92cdd0c1e4b8",
            "content_sha1": "bd7f32906c97112fa869b89562fe29eca21b3559",
            "content_sha256": "924ce3c064d7a274e36986a16ed0bfdea2be1c30821837783934390fb2eefa0e",
            "content_sha512": "ffbf0b206752310d4c05929737c1b227a1302c69156c776cfc2ccab8d3f146f4972c2aa092a3d994de7f5c1cf68933bdfaa56177a0fadade92b0ccbd39a8c20f",
            "directory_permission": "0777",
            "file_permission": "0777",
            "filename": "dogs.txt",
            "id": "bd7f32906c97112fa869b89562fe29eca21b3559",
            "sensitive_content": null,
            "source": null
          },
          "sensitive_attributes": []
        },
        {
          "index_key": 2,
          "schema_version": 0,
          "attributes": {
            "content": "Hello pet!",
            "content_base64": null,
            "content_base64sha256": "kkzjwGTXonTjaYahbtC/3qK+HDCCGDd4OTQ5D7Lu+g4=",
            "content_base64sha512": "/78LIGdSMQ1MBZKXN8GyJ6EwLGkVbHds/CzKuNPxRvSXLCqgkqPZlN5/XBz2iTO9+qVhd6D62t6SsMy9OajCDw==",
            "content_md5": "69ab5ab9b9135b42c6bc92cdd0c1e4b8",
            "content_sha1": "bd7f32906c97112fa869b89562fe29eca21b3559",
            "content_sha256": "924ce3c064d7a274e36986a16ed0bfdea2be1c30821837783934390fb2eefa0e",
            "content_sha512": "ffbf0b206752310d4c05929737c1b227a1302c69156c776cfc2ccab8d3f146f4972c2aa092a3d994de7f5c1cf68933bdfaa56177a0fadade92b0ccbd39a8c20f",
            "directory_permission": "0777",
            "file_permission": "0777",
            "filename": "cats.txt",
            "id": "bd7f32906c97112fa869b89562fe29eca21b3559",
            "sensitive_content": null,
            "source": null
          },
          "sensitive_attributes": []
        }
      ]
    }
  ],
  "check_results": null
}
